
Microsoft Visual Studio Solution File, Format Version 12.00
# Visual Studio Version 17
VisualStudioVersion = 17.5.002.0
MinimumVisualStudioVersion = 10.0.40219.1
Project("{9A19103F-16F7-4668-BE54-9A1E7A4F7556}") = "UfoData.Benchmarks", "UfoData.Benchmarks.csproj", "{0D851B5A-4B63-4D0A-B8AA-2BFE9BD72B89}"
EndProject
Project("{2150E333-8FDC-42A3-9474-1A3956D46DE8}") = "bin", "bin", "{9615B242-E128-44B6-88B4-8307F138B786}"
EndProject
Project("{2150E333-8FDC-42A3-9474-1A3956D46DE8}") = "Release", "Release", "{D36D8D54-0AA0-4859-854F-3870978F8970}"
EndProject
Project("{2150E333-8FDC-42A3-9474-1A3956D46DE8}") = "net7.0", "net7.0", "{B0ACEC7A-E4BB-4EBE-99E7-F1B039BFC041}"
EndProject
Project("{9A19103F-16F7-4668-BE54-9A1E7A4F7556}") = "BenchmarkDotNet.Autogenerated", "bin\Release\net7.0\d452e503-3d26-4a03-a884-50345aabecf8\BenchmarkDotNet.Autogenerated.csproj", "{83AEFA7E-8223-4C97-BABA-1BF6CF5C8D29}"
EndProject
Global
	GlobalSection(SolutionConfigurationPlatforms) = preSolution
		Debug|Any CPU = Debug|Any CPU
		Release|Any CPU = Release|Any CPU
	EndGlobalSection
	GlobalSection(ProjectConfigurationPlatforms) = postSolution
		{0D851B5A-4B63-4D0A-B8AA-2BFE9BD72B89}.Debug|Any CPU.ActiveCfg = Debug|Any CPU
		{0D851B5A-4B63-4D0A-B8AA-2BFE9BD72B89}.Debug|Any CPU.Build.0 = Debug|Any CPU
		{0D851B5A-4B63-4D0A-B8AA-2BFE9BD72B89}.Release|Any CPU.ActiveCfg = Release|Any CPU
		{0D851B5A-4B63-4D0A-B8AA-2BFE9BD72B89}.Release|Any CPU.Build.0 = Release|Any CPU
		{83AEFA7E-8223-4C97-BABA-1BF6CF5C8D29}.Debug|Any CPU.ActiveCfg = Debug|Any CPU
		{83AEFA7E-8223-4C97-BABA-1BF6CF5C8D29}.Debug|Any CPU.Build.0 = Debug|Any CPU
		{83AEFA7E-8223-4C97-BABA-1BF6CF5C8D29}.Release|Any CPU.ActiveCfg = Release|Any CPU
		{83AEFA7E-8223-4C97-BABA-1BF6CF5C8D29}.Release|Any CPU.Build.0 = Release|Any CPU
	EndGlobalSection
	GlobalSection(SolutionProperties) = preSolution
		HideSolutionNode = FALSE
	EndGlobalSection
	GlobalSection(NestedProjects) = preSolution
		{D36D8D54-0AA0-4859-854F-3870978F8970} = {9615B242-E128-44B6-88B4-8307F138B786}
		{B0ACEC7A-E4BB-4EBE-99E7-F1B039BFC041} = {D36D8D54-0AA0-4859-854F-3870978F8970}
		{83AEFA7E-8223-4C97-BABA-1BF6CF5C8D29} = {B0ACEC7A-E4BB-4EBE-99E7-F1B039BFC041}
	EndGlobalSection
	GlobalSection(ExtensibilityGlobals) = postSolution
		SolutionGuid = {A2A51869-8769-4726-950C-F450243C7F37}
	EndGlobalSection
EndGlobal
