
Microsoft Visual Studio Solution File, Format Version 12.00
# Visual Studio Version 17
VisualStudioVersion = 17.0.31903.59
MinimumVisualStudioVersion = 10.0.40219.1
Project("{2150E333-8FDC-42A3-9474-1A3956D46DE8}") = "src", "src", "{50A9A535-3B8F-4BF6-81C9-FDC0CD746B02}"
EndProject
Project("{FAE04EC0-301F-11D3-BF4B-00C04F79EFBC}") = "UfoWeb", "src\UfoWeb\UfoWeb.csproj", "{05372BB2-4717-48E6-AA40-085ECA645E02}"
EndProject
Project("{FAE04EC0-301F-11D3-BF4B-00C04F79EFBC}") = "UfoData", "src\UfoData\UfoData.csproj", "{6E493E54-DAEB-4754-8E2B-39C35138F9D5}"
EndProject
Project("{2150E333-8FDC-42A3-9474-1A3956D46DE8}") = "test", "test", "{07C110CF-584D-4F0D-AE01-04855F5DF1B3}"
EndProject
Project("{FAE04EC0-301F-11D3-BF4B-00C04F79EFBC}") = "UfoData.Tests", "test\UfoData.Tests\UfoData.Tests.csproj", "{434C3FC8-E08C-44ED-9D70-6C4B8ED116E0}"
EndProject
Project("{2150E333-8FDC-42A3-9474-1A3956D46DE8}") = "benchmarks", "benchmarks", "{86305E4E-58AC-4595-BABB-E03654B5DFF6}"
EndProject
Project("{FAE04EC0-301F-11D3-BF4B-00C04F79EFBC}") = "UfoData.Benchmarks", "benchmarks\UfoData.Benchmarks\UfoData.Benchmarks.csproj", "{271CD611-AB37-4726-B758-DEA22341CE22}"
EndProject
Project("{FAE04EC0-301F-11D3-BF4B-00C04F79EFBC}") = "UfoData.PerformanceTests", "test\UfoData.PerformanceTests\UfoData.PerformanceTests.csproj", "{AF5267F4-8757-45E7-BF9D-0C8A11497A02}"
EndProject
Project("{FAE04EC0-301F-11D3-BF4B-00C04F79EFBC}") = "UfoDb", "src\UfoDb\UfoDb.csproj", "{3C900739-C176-4B84-9D56-2D246F6FCDF0}"
EndProject
Project("{2150E333-8FDC-42A3-9474-1A3956D46DE8}") = "tools", "tools", "{5988A0BC-4BB4-41E8-A080-B62D6E51BFEE}"
EndProject
Project("{FAE04EC0-301F-11D3-BF4B-00C04F79EFBC}") = "UfoDbCreator", "tools\UfoDbCreator\UfoDbCreator.csproj", "{335FCF81-30B7-4E28-A940-94A2FE326AE6}"
EndProject
Project("{FAE04EC0-301F-11D3-BF4B-00C04F79EFBC}") = "UfoNative", "src\UfoNative\UfoNative.csproj", "{101A9299-E09A-45A6-8ED7-7DFEC86855B6}"
EndProject
Global
	GlobalSection(SolutionConfigurationPlatforms) = preSolution
		Debug|Any CPU = Debug|Any CPU
		Release|Any CPU = Release|Any CPU
	EndGlobalSection
	GlobalSection(SolutionProperties) = preSolution
		HideSolutionNode = FALSE
	EndGlobalSection
	GlobalSection(ProjectConfigurationPlatforms) = postSolution
		{05372BB2-4717-48E6-AA40-085ECA645E02}.Debug|Any CPU.ActiveCfg = Debug|Any CPU
		{05372BB2-4717-48E6-AA40-085ECA645E02}.Debug|Any CPU.Build.0 = Debug|Any CPU
		{05372BB2-4717-48E6-AA40-085ECA645E02}.Release|Any CPU.ActiveCfg = Release|Any CPU
		{05372BB2-4717-48E6-AA40-085ECA645E02}.Release|Any CPU.Build.0 = Release|Any CPU
		{6E493E54-DAEB-4754-8E2B-39C35138F9D5}.Debug|Any CPU.ActiveCfg = Debug|Any CPU
		{6E493E54-DAEB-4754-8E2B-39C35138F9D5}.Debug|Any CPU.Build.0 = Debug|Any CPU
		{6E493E54-DAEB-4754-8E2B-39C35138F9D5}.Release|Any CPU.ActiveCfg = Release|Any CPU
		{6E493E54-DAEB-4754-8E2B-39C35138F9D5}.Release|Any CPU.Build.0 = Release|Any CPU
		{434C3FC8-E08C-44ED-9D70-6C4B8ED116E0}.Debug|Any CPU.ActiveCfg = Debug|Any CPU
		{434C3FC8-E08C-44ED-9D70-6C4B8ED116E0}.Debug|Any CPU.Build.0 = Debug|Any CPU
		{434C3FC8-E08C-44ED-9D70-6C4B8ED116E0}.Release|Any CPU.ActiveCfg = Release|Any CPU
		{434C3FC8-E08C-44ED-9D70-6C4B8ED116E0}.Release|Any CPU.Build.0 = Release|Any CPU
		{271CD611-AB37-4726-B758-DEA22341CE22}.Debug|Any CPU.ActiveCfg = Debug|Any CPU
		{271CD611-AB37-4726-B758-DEA22341CE22}.Debug|Any CPU.Build.0 = Debug|Any CPU
		{271CD611-AB37-4726-B758-DEA22341CE22}.Release|Any CPU.ActiveCfg = Release|Any CPU
		{271CD611-AB37-4726-B758-DEA22341CE22}.Release|Any CPU.Build.0 = Release|Any CPU
		{AF5267F4-8757-45E7-BF9D-0C8A11497A02}.Debug|Any CPU.ActiveCfg = Debug|Any CPU
		{AF5267F4-8757-45E7-BF9D-0C8A11497A02}.Debug|Any CPU.Build.0 = Debug|Any CPU
		{AF5267F4-8757-45E7-BF9D-0C8A11497A02}.Release|Any CPU.ActiveCfg = Release|Any CPU
		{AF5267F4-8757-45E7-BF9D-0C8A11497A02}.Release|Any CPU.Build.0 = Release|Any CPU
		{3C900739-C176-4B84-9D56-2D246F6FCDF0}.Debug|Any CPU.ActiveCfg = Debug|Any CPU
		{3C900739-C176-4B84-9D56-2D246F6FCDF0}.Debug|Any CPU.Build.0 = Debug|Any CPU
		{3C900739-C176-4B84-9D56-2D246F6FCDF0}.Release|Any CPU.ActiveCfg = Release|Any CPU
		{3C900739-C176-4B84-9D56-2D246F6FCDF0}.Release|Any CPU.Build.0 = Release|Any CPU
		{335FCF81-30B7-4E28-A940-94A2FE326AE6}.Debug|Any CPU.ActiveCfg = Debug|Any CPU
		{335FCF81-30B7-4E28-A940-94A2FE326AE6}.Debug|Any CPU.Build.0 = Debug|Any CPU
		{335FCF81-30B7-4E28-A940-94A2FE326AE6}.Release|Any CPU.ActiveCfg = Release|Any CPU
		{335FCF81-30B7-4E28-A940-94A2FE326AE6}.Release|Any CPU.Build.0 = Release|Any CPU
		{101A9299-E09A-45A6-8ED7-7DFEC86855B6}.Debug|Any CPU.ActiveCfg = Debug|Any CPU
		{101A9299-E09A-45A6-8ED7-7DFEC86855B6}.Debug|Any CPU.Build.0 = Debug|Any CPU
		{101A9299-E09A-45A6-8ED7-7DFEC86855B6}.Release|Any CPU.ActiveCfg = Release|Any CPU
		{101A9299-E09A-45A6-8ED7-7DFEC86855B6}.Release|Any CPU.Build.0 = Release|Any CPU
	EndGlobalSection
	GlobalSection(NestedProjects) = preSolution
		{05372BB2-4717-48E6-AA40-085ECA645E02} = {50A9A535-3B8F-4BF6-81C9-FDC0CD746B02}
		{6E493E54-DAEB-4754-8E2B-39C35138F9D5} = {50A9A535-3B8F-4BF6-81C9-FDC0CD746B02}
		{434C3FC8-E08C-44ED-9D70-6C4B8ED116E0} = {07C110CF-584D-4F0D-AE01-04855F5DF1B3}
		{271CD611-AB37-4726-B758-DEA22341CE22} = {86305E4E-58AC-4595-BABB-E03654B5DFF6}
		{AF5267F4-8757-45E7-BF9D-0C8A11497A02} = {07C110CF-584D-4F0D-AE01-04855F5DF1B3}
		{3C900739-C176-4B84-9D56-2D246F6FCDF0} = {50A9A535-3B8F-4BF6-81C9-FDC0CD746B02}
		{335FCF81-30B7-4E28-A940-94A2FE326AE6} = {5988A0BC-4BB4-41E8-A080-B62D6E51BFEE}
		{101A9299-E09A-45A6-8ED7-7DFEC86855B6} = {50A9A535-3B8F-4BF6-81C9-FDC0CD746B02}
	EndGlobalSection
EndGlobal
